PODS:
  - LookinServer (1.2.8):
    - LookinServer/Core (= 1.2.8)
  - LookinServer/Core (1.2.8)

DEPENDENCIES:
  - LookinServer

SPEC REPOS:
  https://github.com/CocoaPods/Specs.git:
    - LookinServer

SPEC CHECKSUMS:
  LookinServer: 1b2b61c6402ae29fa22182d48f5cd067b4e99e80

PODFILE CHECKSUM: 60bb19e6f1d91109abf9813a6a7afdf89db2eb61

COCOAPODS: 1.16.2
