// !$*UTF8*$!
{
	archiveVersion = 1;
	classes = {
	};
	objectVersion = 77;
	objects = {

/* Begin PBXBuildFile section */
		8F94F6B886E9A4DFE2646E7A /* libPods-Weather Forecast Demo.a in Frameworks */ = {isa = PBXBuildFile; fileRef = 916E133AD198D135C31395EB /* libPods-Weather Forecast Demo.a */; };
/* End PBXBuildFile section */

/* Begin PBXContainerItemProxy section */
		4B46EC1B2E37609A008381E5 /* PBXContainerItemProxy */ = {
			isa = PBXContainerItemProxy;
			containerPortal = 4B46EBF72E376098008381E5 /* Project object */;
			proxyType = 1;
			remoteGlobalIDString = 4B46EBFE2E376098008381E5;
			remoteInfo = "Weather Forecast Demo";
		};
		4B46EC252E37609A008381E5 /* PBXContainerItemProxy */ = {
			isa = PBXContainerItemProxy;
			containerPortal = 4B46EBF72E376098008381E5 /* Project object */;
			proxyType = 1;
			remoteGlobalIDString = 4B46EBFE2E376098008381E5;
			remoteInfo = "Weather Forecast Demo";
		};
/* End PBXContainerItemProxy section */

/* Begin PBXFileReference section */
		14180CF12A20EB5835331170 /* Pods-Weather Forecast Demo.debug.xcconfig */ = {isa = PBXFileReference; includeInIndex = 1; lastKnownFileType = text.xcconfig; name = "Pods-Weather Forecast Demo.debug.xcconfig"; path = "Target Support Files/Pods-Weather Forecast Demo/Pods-Weather Forecast Demo.debug.xcconfig"; sourceTree = "<group>"; };
		4B46EBFF2E376098008381E5 /* Weather Forecast Demo.app */ = {isa = PBXFileReference; explicitFileType = wrapper.application; includeInIndex = 0; path = "Weather Forecast Demo.app"; sourceTree = BUILT_PRODUCTS_DIR; };
		4B46EC1A2E37609A008381E5 /* Weather Forecast DemoTests.xctest */ = {isa = PBXFileReference; explicitFileType = wrapper.cfbundle; includeInIndex = 0; path = "Weather Forecast DemoTests.xctest"; sourceTree = BUILT_PRODUCTS_DIR; };
		4B46EC242E37609A008381E5 /* Weather Forecast DemoUITests.xctest */ = {isa = PBXFileReference; explicitFileType = wrapper.cfbundle; includeInIndex = 0; path = "Weather Forecast DemoUITests.xctest"; sourceTree = BUILT_PRODUCTS_DIR; };
		916E133AD198D135C31395EB /* libPods-Weather Forecast Demo.a */ = {isa = PBXFileReference; explicitFileType = archive.ar; includeInIndex = 0; path = "libPods-Weather Forecast Demo.a"; sourceTree = BUILT_PRODUCTS_DIR; };
		B08BFD5B267B31E571325DE5 /* Pods-Weather Forecast Demo.release.xcconfig */ = {isa = PBXFileReference; includeInIndex = 1; lastKnownFileType = text.xcconfig; name = "Pods-Weather Forecast Demo.release.xcconfig"; path = "Target Support Files/Pods-Weather Forecast Demo/Pods-Weather Forecast Demo.release.xcconfig"; sourceTree = "<group>"; };
/* End PBXFileReference section */

/* Begin PBXFileSystemSynchronizedBuildFileExceptionSet section */
		4B46EC2C2E37609A008381E5 /* Exceptions for "Weather Forecast Demo" folder in "Weather Forecast Demo" target */ = {
			isa = PBXFileSystemSynchronizedBuildFileExceptionSet;
			membershipExceptions = (
				Info.plist,
			);
			target = 4B46EBFE2E376098008381E5 /* Weather Forecast Demo */;
		};
/* End PBXFileSystemSynchronizedBuildFileExceptionSet section */

/* Begin PBXFileSystemSynchronizedRootGroup section */
		4B46EC012E376098008381E5 /* Weather Forecast Demo */ = {
			isa = PBXFileSystemSynchronizedRootGroup;
			exceptions = (
				4B46EC2C2E37609A008381E5 /* Exceptions for "Weather Forecast Demo" folder in "Weather Forecast Demo" target */,
			);
			path = "Weather Forecast Demo";
			sourceTree = "<group>";
		};
		4B46EC1D2E37609A008381E5 /* Weather Forecast DemoTests */ = {
			isa = PBXFileSystemSynchronizedRootGroup;
			path = "Weather Forecast DemoTests";
			sourceTree = "<group>";
		};
		4B46EC272E37609A008381E5 /* Weather Forecast DemoUITests */ = {
			isa = PBXFileSystemSynchronizedRootGroup;
			path = "Weather Forecast DemoUITests";
			sourceTree = "<group>";
		};
/* End PBXFileSystemSynchronizedRootGroup section */

/* Begin PBXFrameworksBuildPhase section */
		4B46EBFC2E376098008381E5 /* Frameworks */ = {
			isa = PBXFrameworksBuildPhase;
			buildActionMask = 2147483647;
			files = (
				8F94F6B886E9A4DFE2646E7A /* libPods-Weather Forecast Demo.a in Frameworks */,
			);
			runOnlyForDeploymentPostprocessing = 0;
		};
		4B46EC172E37609A008381E5 /* Frameworks */ = {
			isa = PBXFrameworksBuildPhase;
			buildActionMask = 2147483647;
			files = (
			);
			runOnlyForDeploymentPostprocessing = 0;
		};
		4B46EC212E37609A008381E5 /* Frameworks */ = {
			isa = PBXFrameworksBuildPhase;
			buildActionMask = 2147483647;
			files = (
			);
			runOnlyForDeploymentPostprocessing = 0;
		};
/* End PBXFrameworksBuildPhase section */

/* Begin PBXGroup section */
		3AB54AC7C9DD2F6F3569A8A7 /* Frameworks */ = {
			isa = PBXGroup;
			children = (
				916E133AD198D135C31395EB /* libPods-Weather Forecast Demo.a */,
			);
			name = Frameworks;
			sourceTree = "<group>";
		};
		4B46EBF62E376098008381E5 = {
			isa = PBXGroup;
			children = (
				4B46EC012E376098008381E5 /* Weather Forecast Demo */,
				4B46EC1D2E37609A008381E5 /* Weather Forecast DemoTests */,
				4B46EC272E37609A008381E5 /* Weather Forecast DemoUITests */,
				4B46EC002E376098008381E5 /* Products */,
				BD27AB194B961DAA3EA6008F /* Pods */,
				3AB54AC7C9DD2F6F3569A8A7 /* Frameworks */,
			);
			sourceTree = "<group>";
		};
		4B46EC002E376098008381E5 /* Products */ = {
			isa = PBXGroup;
			children = (
				4B46EBFF2E376098008381E5 /* Weather Forecast Demo.app */,
				4B46EC1A2E37609A008381E5 /* Weather Forecast DemoTests.xctest */,
				4B46EC242E37609A008381E5 /* Weather Forecast DemoUITests.xctest */,
			);
			name = Products;
			sourceTree = "<group>";
		};
		BD27AB194B961DAA3EA6008F /* Pods */ = {
			isa = PBXGroup;
			children = (
				14180CF12A20EB5835331170 /* Pods-Weather Forecast Demo.debug.xcconfig */,
				B08BFD5B267B31E571325DE5 /* Pods-Weather Forecast Demo.release.xcconfig */,
			);
			path = Pods;
			sourceTree = "<group>";
		};
/* End PBXGroup section */

/* Begin PBXNativeTarget section */
		4B46EBFE2E376098008381E5 /* Weather Forecast Demo */ = {
			isa = PBXNativeTarget;
			buildConfigurationList = 4B46EC2D2E37609A008381E5 /* Build configuration list for PBXNativeTarget "Weather Forecast Demo" */;
			buildPhases = (
				EC9681B5AD9D25CC2786A687 /* [CP] Check Pods Manifest.lock */,
				4B46EBFB2E376098008381E5 /* Sources */,
				4B46EBFC2E376098008381E5 /* Frameworks */,
				4B46EBFD2E376098008381E5 /* Resources */,
			);
			buildRules = (
			);
			dependencies = (
			);
			fileSystemSynchronizedGroups = (
				4B46EC012E376098008381E5 /* Weather Forecast Demo */,
			);
			name = "Weather Forecast Demo";
			productName = "Weather Forecast Demo";
			productReference = 4B46EBFF2E376098008381E5 /* Weather Forecast Demo.app */;
			productType = "com.apple.product-type.application";
		};
		4B46EC192E37609A008381E5 /* Weather Forecast DemoTests */ = {
			isa = PBXNativeTarget;
			buildConfigurationList = 4B46EC322E37609A008381E5 /* Build configuration list for PBXNativeTarget "Weather Forecast DemoTests" */;
			buildPhases = (
				4B46EC162E37609A008381E5 /* Sources */,
				4B46EC172E37609A008381E5 /* Frameworks */,
				4B46EC182E37609A008381E5 /* Resources */,
			);
			buildRules = (
			);
			dependencies = (
				4B46EC1C2E37609A008381E5 /* PBXTargetDependency */,
			);
			fileSystemSynchronizedGroups = (
				4B46EC1D2E37609A008381E5 /* Weather Forecast DemoTests */,
			);
			name = "Weather Forecast DemoTests";
			productName = "Weather Forecast DemoTests";
			productReference = 4B46EC1A2E37609A008381E5 /* Weather Forecast DemoTests.xctest */;
			productType = "com.apple.product-type.bundle.unit-test";
		};
		4B46EC232E37609A008381E5 /* Weather Forecast DemoUITests */ = {
			isa = PBXNativeTarget;
			buildConfigurationList = 4B46EC352E37609A008381E5 /* Build configuration list for PBXNativeTarget "Weather Forecast DemoUITests" */;
			buildPhases = (
				4B46EC202E37609A008381E5 /* Sources */,
				4B46EC212E37609A008381E5 /* Frameworks */,
				4B46EC222E37609A008381E5 /* Resources */,
			);
			buildRules = (
			);
			dependencies = (
				4B46EC262E37609A008381E5 /* PBXTargetDependency */,
			);
			fileSystemSynchronizedGroups = (
				4B46EC272E37609A008381E5 /* Weather Forecast DemoUITests */,
			);
			name = "Weather Forecast DemoUITests";
			productName = "Weather Forecast DemoUITests";
			productReference = 4B46EC242E37609A008381E5 /* Weather Forecast DemoUITests.xctest */;
			productType = "com.apple.product-type.bundle.ui-testing";
		};
/* End PBXNativeTarget section */

/* Begin PBXProject section */
		4B46EBF72E376098008381E5 /* Project object */ = {
			isa = PBXProject;
			attributes = {
				BuildIndependentTargetsInParallel = 1;
				LastUpgradeCheck = 1630;
				TargetAttributes = {
					4B46EBFE2E376098008381E5 = {
						CreatedOnToolsVersion = 16.3;
					};
					4B46EC192E37609A008381E5 = {
						CreatedOnToolsVersion = 16.3;
						TestTargetID = 4B46EBFE2E376098008381E5;
					};
					4B46EC232E37609A008381E5 = {
						CreatedOnToolsVersion = 16.3;
						TestTargetID = 4B46EBFE2E376098008381E5;
					};
				};
			};
			buildConfigurationList = 4B46EBFA2E376098008381E5 /* Build configuration list for PBXProject "Weather Forecast Demo" */;
			developmentRegion = en;
			hasScannedForEncodings = 0;
			knownRegions = (
				en,
				Base,
			);
			mainGroup = 4B46EBF62E376098008381E5;
			minimizedProjectReferenceProxies = 1;
			preferredProjectObjectVersion = 77;
			productRefGroup = 4B46EC002E376098008381E5 /* Products */;
			projectDirPath = "";
			projectRoot = "";
			targets = (
				4B46EBFE2E376098008381E5 /* Weather Forecast Demo */,
				4B46EC192E37609A008381E5 /* Weather Forecast DemoTests */,
				4B46EC232E37609A008381E5 /* Weather Forecast DemoUITests */,
			);
		};
/* End PBXProject section */

/* Begin PBXResourcesBuildPhase section */
		4B46EBFD2E376098008381E5 /* Resources */ = {
			isa = PBXResourcesBuildPhase;
			buildActionMask = 2147483647;
			files = (
			);
			runOnlyForDeploymentPostprocessing = 0;
		};
		4B46EC182E37609A008381E5 /* Resources */ = {
			isa = PBXResourcesBuildPhase;
			buildActionMask = 2147483647;
			files = (
			);
			runOnlyForDeploymentPostprocessing = 0;
		};
		4B46EC222E37609A008381E5 /* Resources */ = {
			isa = PBXResourcesBuildPhase;
			buildActionMask = 2147483647;
			files = (
			);
			runOnlyForDeploymentPostprocessing = 0;
		};
/* End PBXResourcesBuildPhase section */

/* Begin PBXShellScriptBuildPhase section */
		EC9681B5AD9D25CC2786A687 /* [CP] Check Pods Manifest.lock */ = {
			isa = PBXShellScriptBuildPhase;
			buildActionMask = 2147483647;
			files = (
			);
			inputFileListPaths = (
			);
			inputPaths = (
				"${PODS_PODFILE_DIR_PATH}/Podfile.lock",
				"${PODS_ROOT}/Manifest.lock",
			);
			name = "[CP] Check Pods Manifest.lock";
			outputFileListPaths = (
			);
			outputPaths = (
				"$(DERIVED_FILE_DIR)/Pods-Weather Forecast Demo-checkManifestLockResult.txt",
			);
			runOnlyForDeploymentPostprocessing = 0;
			shellPath = /bin/sh;
			shellScript = "diff \"${PODS_PODFILE_DIR_PATH}/Podfile.lock\" \"${PODS_ROOT}/Manifest.lock\" > /dev/null\nif [ $? != 0 ] ; then\n    # print error to STDERR\n    echo \"error: The sandbox is not in sync with the Podfile.lock. Run 'pod install' or update your CocoaPods installation.\" >&2\n    exit 1\nfi\n# This output is used by Xcode 'outputs' to avoid re-running this script phase.\necho \"SUCCESS\" > \"${SCRIPT_OUTPUT_FILE_0}\"\n";
			showEnvVarsInLog = 0;
		};
/* End PBXShellScriptBuildPhase section */

/* Begin PBXSourcesBuildPhase section */
		4B46EBFB2E376098008381E5 /* Sources */ = {
			isa = PBXSourcesBuildPhase;
			buildActionMask = 2147483647;
			files = (
			);
			runOnlyForDeploymentPostprocessing = 0;
		};
		4B46EC162E37609A008381E5 /* Sources */ = {
			isa = PBXSourcesBuildPhase;
			buildActionMask = 2147483647;
			files = (
			);
			runOnlyForDeploymentPostprocessing = 0;
		};
		4B46EC202E37609A008381E5 /* Sources */ = {
			isa = PBXSourcesBuildPhase;
			buildActionMask = 2147483647;
			files = (
			);
			runOnlyForDeploymentPostprocessing = 0;
		};
/* End PBXSourcesBuildPhase section */

/* Begin PBXTargetDependency section */
		4B46EC1C2E37609A008381E5 /* PBXTargetDependency */ = {
			isa = PBXTargetDependency;
			target = 4B46EBFE2E376098008381E5 /* Weather Forecast Demo */;
			targetProxy = 4B46EC1B2E37609A008381E5 /* PBXContainerItemProxy */;
		};
		4B46EC262E37609A008381E5 /* PBXTargetDependency */ = {
			isa = PBXTargetDependency;
			target = 4B46EBFE2E376098008381E5 /* Weather Forecast Demo */;
			targetProxy = 4B46EC252E37609A008381E5 /* PBXContainerItemProxy */;
		};
/* End PBXTargetDependency section */

/* Begin XCBuildConfiguration section */
		4B46EC2E2E37609A008381E5 /* Debug */ = {
			isa = XCBuildConfiguration;
			baseConfigurationReference = 14180CF12A20EB5835331170 /* Pods-Weather Forecast Demo.debug.xcconfig */;
			buildSettings = {
				ASSETCATALOG_COMPILER_APPICON_NAME = AppIcon;
				ASSETCATALOG_COMPILER_GLOBAL_ACCENT_COLOR_NAME = AccentColor;
				CODE_SIGN_STYLE = Automatic;
				CURRENT_PROJECT_VERSION = 1;
				GENERATE_INFOPLIST_FILE = YES;
				INFOPLIST_FILE = "Weather Forecast Demo/Info.plist";
				INFOPLIST_KEY_UIApplicationSupportsIndirectInputEvents = YES;
				INFOPLIST_KEY_UILaunchStoryboardName = LaunchScreen;
				INFOPLIST_KEY_UIMainStoryboardFile = Main;
				INFOPLIST_KEY_UISupportedInterfaceOrientations_iPad = "UIInterfaceOrientationPortrait UIInterfaceOrientationPortraitUpsideDown UIInterfaceOrientationLandscapeLeft UIInterfaceOrientationLandscapeRight";
				INFOPLIST_KEY_UISupportedInterfaceOrientations_iPhone = "UIInterfaceOrientationPortrait UIInterfaceOrientationLandscapeLeft UIInterfaceOrientationLandscapeRight";
				LD_RUNPATH_SEARCH_PATHS = (
					"$(inherited)",
					"@executable_path/Frameworks",
				);
				MARKETING_VERSION = 1.0;
				PRODUCT_BUNDLE_IDENTIFIER = "text1.Weather-Forecast-Demo";
				PRODUCT_NAME = "$(TARGET_NAME)";
				SWIFT_EMIT_LOC_STRINGS = YES;
				TARGETED_DEVICE_FAMILY = "1,2";
			};
			name = Debug;
		};
		4B46EC2F2E37609A008381E5 /* Release */ = {
			isa = XCBuildConfiguration;
			baseConfigurationReference = B08BFD5B267B31E571325DE5 /* Pods-Weather Forecast Demo.release.xcconfig */;
			buildSettings = {
				ASSETCATALOG_COMPILER_APPICON_NAME = AppIcon;
				ASSETCATALOG_COMPILER_GLOBAL_ACCENT_COLOR_NAME = AccentColor;
				CODE_SIGN_STYLE = Automatic;
				CURRENT_PROJECT_VERSION = 1;
				GENERATE_INFOPLIST_FILE = YES;
				INFOPLIST_FILE = "Weather Forecast Demo/Info.plist";
				INFOPLIST_KEY_UIApplicationSupportsIndirectInputEvents = YES;
				INFOPLIST_KEY_UILaunchStoryboardName = LaunchScreen;
				INFOPLIST_KEY_UIMainStoryboardFile = Main;
				INFOPLIST_KEY_UISupportedInterfaceOrientations_iPad = "UIInterfaceOrientationPortrait UIInterfaceOrientationPortraitUpsideDown UIInterfaceOrientationLandscapeLeft UIInterfaceOrientationLandscapeRight";
				INFOPLIST_KEY_UISupportedInterfaceOrientations_iPhone = "UIInterfaceOrientationPortrait UIInterfaceOrientationLandscapeLeft UIInterfaceOrientationLandscapeRight";
				LD_RUNPATH_SEARCH_PATHS = (
					"$(inherited)",
					"@executable_path/Frameworks",
				);
				MARKETING_VERSION = 1.0;
				PRODUCT_BUNDLE_IDENTIFIER = "text1.Weather-Forecast-Demo";
				PRODUCT_NAME = "$(TARGET_NAME)";
				SWIFT_EMIT_LOC_STRINGS = YES;
				TARGETED_DEVICE_FAMILY = "1,2";
			};
			name = Release;
		};
		4B46EC302E37609A008381E5 /* Debug */ = {
			isa = XCBuildConfiguration;
			buildSettings = {
				ALWAYS_SEARCH_USER_PATHS = NO;
				ASSETCATALOG_COMPILER_GENERATE_SWIFT_ASSET_SYMBOL_EXTENSIONS = YES;
				CLANG_ANALYZER_NONNULL = YES;
				CLANG_ANALYZER_NUMBER_OBJECT_CONVERSION = YES_AGGRESSIVE;
				CLANG_CXX_LANGUAGE_STANDARD = "gnu++20";
				CLANG_ENABLE_MODULES = YES;
				CLANG_ENABLE_OBJC_ARC = YES;
				CLANG_ENABLE_OBJC_WEAK = YES;
				CLANG_WARN_BLOCK_CAPTURE_AUTORELEASING = YES;
				CLANG_WARN_BOOL_CONVERSION = YES;
				CLANG_WARN_COMMA = YES;
				CLANG_WARN_CONSTANT_CONVERSION = YES;
				CLANG_WARN_DEPRECATED_OBJC_IMPLEMENTATIONS = YES;
				CLANG_WARN_DIRECT_OBJC_ISA_USAGE = YES_ERROR;
				CLANG_WARN_DOCUMENTATION_COMMENTS = YES;
				CLANG_WARN_EMPTY_BODY = YES;
				CLANG_WARN_ENUM_CONVERSION = YES;
				CLANG_WARN_INFINITE_RECURSION = YES;
				CLANG_WARN_INT_CONVERSION = YES;
				CLANG_WARN_NON_LITERAL_NULL_CONVERSION = YES;
				CLANG_WARN_OBJC_IMPLICIT_RETAIN_SELF = YES;
				CLANG_WARN_OBJC_LITERAL_CONVERSION = YES;
				CLANG_WARN_OBJC_ROOT_CLASS = YES_ERROR;
				CLANG_WARN_QUOTED_INCLUDE_IN_FRAMEWORK_HEADER = YES;
				CLANG_WARN_RANGE_LOOP_ANALYSIS = YES;
				CLANG_WARN_STRICT_PROTOTYPES = YES;
				CLANG_WARN_SUSPICIOUS_MOVE = YES;
				CLANG_WARN_UNGUARDED_AVAILABILITY = YES_AGGRESSIVE;
				CLANG_WARN_UNREACHABLE_CODE = YES;
				CLANG_WARN__DUPLICATE_METHOD_MATCH = YES;
				COPY_PHASE_STRIP = NO;
				DEBUG_INFORMATION_FORMAT = dwarf;
				ENABLE_STRICT_OBJC_MSGSEND = YES;
				ENABLE_TESTABILITY = YES;
				ENABLE_USER_SCRIPT_SANDBOXING = YES;
				GCC_C_LANGUAGE_STANDARD = gnu17;
				GCC_DYNAMIC_NO_PIC = NO;
				GCC_NO_COMMON_BLOCKS = YES;
				GCC_OPTIMIZATION_LEVEL = 0;
				GCC_PREPROCESSOR_DEFINITIONS = (
					"DEBUG=1",
					"$(inherited)",
				);
				GCC_WARN_64_TO_32_BIT_CONVERSION = YES;
				GCC_WARN_ABOUT_RETURN_TYPE = YES_ERROR;
				GCC_WARN_UNDECLARED_SELECTOR = YES;
				GCC_WARN_UNINITIALIZED_AUTOS = YES_AGGRESSIVE;
				GCC_WARN_UNUSED_FUNCTION = YES;
				GCC_WARN_UNUSED_VARIABLE = YES;
				IPHONEOS_DEPLOYMENT_TARGET = 18.4;
				LOCALIZATION_PREFERS_STRING_CATALOGS = YES;
				MTL_ENABLE_DEBUG_INFO = INCLUDE_SOURCE;
				MTL_FAST_MATH = YES;
				ONLY_ACTIVE_ARCH = YES;
				SDKROOT = iphoneos;
			};
			name = Debug;
		};
		4B46EC312E37609A008381E5 /* Release */ = {
			isa = XCBuildConfiguration;
			buildSettings = {
				ALWAYS_SEARCH_USER_PATHS = NO;
				ASSETCATALOG_COMPILER_GENERATE_SWIFT_ASSET_SYMBOL_EXTENSIONS = YES;
				CLANG_ANALYZER_NONNULL = YES;
				CLANG_ANALYZER_NUMBER_OBJECT_CONVERSION = YES_AGGRESSIVE;
				CLANG_CXX_LANGUAGE_STANDARD = "gnu++20";
				CLANG_ENABLE_MODULES = YES;
				CLANG_ENABLE_OBJC_ARC = YES;
				CLANG_ENABLE_OBJC_WEAK = YES;
				CLANG_WARN_BLOCK_CAPTURE_AUTORELEASING = YES;
				CLANG_WARN_BOOL_CONVERSION = YES;
				CLANG_WARN_COMMA = YES;
				CLANG_WARN_CONSTANT_CONVERSION = YES;
				CLANG_WARN_DEPRECATED_OBJC_IMPLEMENTATIONS = YES;
				CLANG_WARN_DIRECT_OBJC_ISA_USAGE = YES_ERROR;
				CLANG_WARN_DOCUMENTATION_COMMENTS = YES;
				CLANG_WARN_EMPTY_BODY = YES;
				CLANG_WARN_ENUM_CONVERSION = YES;
				CLANG_WARN_INFINITE_RECURSION = YES;
				CLANG_WARN_INT_CONVERSION = YES;
				CLANG_WARN_NON_LITERAL_NULL_CONVERSION = YES;
				CLANG_WARN_OBJC_IMPLICIT_RETAIN_SELF = YES;
				CLANG_WARN_OBJC_LITERAL_CONVERSION = YES;
				CLANG_WARN_OBJC_ROOT_CLASS = YES_ERROR;
				CLANG_WARN_QUOTED_INCLUDE_IN_FRAMEWORK_HEADER = YES;
				CLANG_WARN_RANGE_LOOP_ANALYSIS = YES;
				CLANG_WARN_STRICT_PROTOTYPES = YES;
				CLANG_WARN_SUSPICIOUS_MOVE = YES;
				CLANG_WARN_UNGUARDED_AVAILABILITY = YES_AGGRESSIVE;
				CLANG_WARN_UNREACHABLE_CODE = YES;
				CLANG_WARN__DUPLICATE_METHOD_MATCH = YES;
				COPY_PHASE_STRIP = NO;
				DEBUG_INFORMATION_FORMAT = "dwarf-with-dsym";
				ENABLE_NS_ASSERTIONS = NO;
				ENABLE_STRICT_OBJC_MSGSEND = YES;
				ENABLE_USER_SCRIPT_SANDBOXING = YES;
				GCC_C_LANGUAGE_STANDARD = gnu17;
				GCC_NO_COMMON_BLOCKS = YES;
				GCC_WARN_64_TO_32_BIT_CONVERSION = YES;
				GCC_WARN_ABOUT_RETURN_TYPE = YES_ERROR;
				GCC_WARN_UNDECLARED_SELECTOR = YES;
				GCC_WARN_UNINITIALIZED_AUTOS = YES_AGGRESSIVE;
				GCC_WARN_UNUSED_FUNCTION = YES;
				GCC_WARN_UNUSED_VARIABLE = YES;
				IPHONEOS_DEPLOYMENT_TARGET = 18.4;
				LOCALIZATION_PREFERS_STRING_CATALOGS = YES;
				MTL_ENABLE_DEBUG_INFO = NO;
				MTL_FAST_MATH = YES;
				SDKROOT = iphoneos;
				VALIDATE_PRODUCT = YES;
			};
			name = Release;
		};
		4B46EC332E37609A008381E5 /* Debug */ = {
			isa = XCBuildConfiguration;
			buildSettings = {
				BUNDLE_LOADER = "$(TEST_HOST)";
				CODE_SIGN_STYLE = Automatic;
				CURRENT_PROJECT_VERSION = 1;
				GENERATE_INFOPLIST_FILE = YES;
				IPHONEOS_DEPLOYMENT_TARGET = 18.4;
				MARKETING_VERSION = 1.0;
				PRODUCT_BUNDLE_IDENTIFIER = "text1.Weather-Forecast-DemoTests";
				PRODUCT_NAME = "$(TARGET_NAME)";
				SWIFT_EMIT_LOC_STRINGS = NO;
				TARGETED_DEVICE_FAMILY = "1,2";
				TEST_HOST = "$(BUILT_PRODUCTS_DIR)/Weather Forecast Demo.app/$(BUNDLE_EXECUTABLE_FOLDER_PATH)/Weather Forecast Demo";
			};
			name = Debug;
		};
		4B46EC342E37609A008381E5 /* Release */ = {
			isa = XCBuildConfiguration;
			buildSettings = {
				BUNDLE_LOADER = "$(TEST_HOST)";
				CODE_SIGN_STYLE = Automatic;
				CURRENT_PROJECT_VERSION = 1;
				GENERATE_INFOPLIST_FILE = YES;
				IPHONEOS_DEPLOYMENT_TARGET = 18.4;
				MARKETING_VERSION = 1.0;
				PRODUCT_BUNDLE_IDENTIFIER = "text1.Weather-Forecast-DemoTests";
				PRODUCT_NAME = "$(TARGET_NAME)";
				SWIFT_EMIT_LOC_STRINGS = NO;
				TARGETED_DEVICE_FAMILY = "1,2";
				TEST_HOST = "$(BUILT_PRODUCTS_DIR)/Weather Forecast Demo.app/$(BUNDLE_EXECUTABLE_FOLDER_PATH)/Weather Forecast Demo";
			};
			name = Release;
		};
		4B46EC362E37609A008381E5 /* Debug */ = {
			isa = XCBuildConfiguration;
			buildSettings = {
				CODE_SIGN_STYLE = Automatic;
				CURRENT_PROJECT_VERSION = 1;
				GENERATE_INFOPLIST_FILE = YES;
				MARKETING_VERSION = 1.0;
				PRODUCT_BUNDLE_IDENTIFIER = "text1.Weather-Forecast-DemoUITests";
				PRODUCT_NAME = "$(TARGET_NAME)";
				SWIFT_EMIT_LOC_STRINGS = NO;
				TARGETED_DEVICE_FAMILY = "1,2";
				TEST_TARGET_NAME = "Weather Forecast Demo";
			};
			name = Debug;
		};
		4B46EC372E37609A008381E5 /* Release */ = {
			isa = XCBuildConfiguration;
			buildSettings = {
				CODE_SIGN_STYLE = Automatic;
				CURRENT_PROJECT_VERSION = 1;
				GENERATE_INFOPLIST_FILE = YES;
				MARKETING_VERSION = 1.0;
				PRODUCT_BUNDLE_IDENTIFIER = "text1.Weather-Forecast-DemoUITests";
				PRODUCT_NAME = "$(TARGET_NAME)";
				SWIFT_EMIT_LOC_STRINGS = NO;
				TARGETED_DEVICE_FAMILY = "1,2";
				TEST_TARGET_NAME = "Weather Forecast Demo";
			};
			name = Release;
		};
/* End XCBuildConfiguration section */

/* Begin XCConfigurationList section */
		4B46EBFA2E376098008381E5 /* Build configuration list for PBXProject "Weather Forecast Demo" */ = {
			isa = XCConfigurationList;
			buildConfigurations = (
				4B46EC302E37609A008381E5 /* Debug */,
				4B46EC312E37609A008381E5 /* Release */,
			);
			defaultConfigurationIsVisible = 0;
			defaultConfigurationName = Release;
		};
		4B46EC2D2E37609A008381E5 /* Build configuration list for PBXNativeTarget "Weather Forecast Demo" */ = {
			isa = XCConfigurationList;
			buildConfigurations = (
				4B46EC2E2E37609A008381E5 /* Debug */,
				4B46EC2F2E37609A008381E5 /* Release */,
			);
			defaultConfigurationIsVisible = 0;
			defaultConfigurationName = Release;
		};
		4B46EC322E37609A008381E5 /* Build configuration list for PBXNativeTarget "Weather Forecast DemoTests" */ = {
			isa = XCConfigurationList;
			buildConfigurations = (
				4B46EC332E37609A008381E5 /* Debug */,
				4B46EC342E37609A008381E5 /* Release */,
			);
			defaultConfigurationIsVisible = 0;
			defaultConfigurationName = Release;
		};
		4B46EC352E37609A008381E5 /* Build configuration list for PBXNativeTarget "Weather Forecast DemoUITests" */ = {
			isa = XCConfigurationList;
			buildConfigurations = (
				4B46EC362E37609A008381E5 /* Debug */,
				4B46EC372E37609A008381E5 /* Release */,
			);
			defaultConfigurationIsVisible = 0;
			defaultConfigurationName = Release;
		};
/* End XCConfigurationList section */
	};
	rootObject = 4B46EBF72E376098008381E5 /* Project object */;
}
