// !$*UTF8*$!
{
	archiveVersion = 1;
	classes = {
	};
	objectVersion = 77;
	objects = {

/* Begin PBXBuildFile section */
		0338FC617EBEAFC08E31C4F1 /* libPods-KXShare2.a in Frameworks */ = {isa = PBXBuildFile; fileRef = 2D85EE31CBF49F948C283255 /* libPods-KXShare2.a */; };
/* End PBXBuildFile section */

/* Begin PBXContainerItemProxy section */
		4B700F2D2E2B94F900D6C15E /* PBXContainerItemProxy */ = {
			isa = PBXContainerItemProxy;
			containerPortal = 4B700F092E2B94F700D6C15E /* Project object */;
			proxyType = 1;
			remoteGlobalIDString = 4B700F102E2B94F700D6C15E;
			remoteInfo = KXShare2;
		};
		4B700F372E2B94F900D6C15E /* PBXContainerItemProxy */ = {
			isa = PBXContainerItemProxy;
			containerPortal = 4B700F092E2B94F700D6C15E /* Project object */;
			proxyType = 1;
			remoteGlobalIDString = 4B700F102E2B94F700D6C15E;
			remoteInfo = KXShare2;
		};
/* End PBXContainerItemProxy section */

/* Begin PBXFileReference section */
		0B3ECBB55BF131F73D81E13D /* Pods-KXShare2.release.xcconfig */ = {isa = PBXFileReference; includeInIndex = 1; lastKnownFileType = text.xcconfig; name = "Pods-KXShare2.release.xcconfig"; path = "Target Support Files/Pods-KXShare2/Pods-KXShare2.release.xcconfig"; sourceTree = "<group>"; };
		1707E1A9BD2A6578C781C3DC /* Pods-KXShare2.debug.xcconfig */ = {isa = PBXFileReference; includeInIndex = 1; lastKnownFileType = text.xcconfig; name = "Pods-KXShare2.debug.xcconfig"; path = "Target Support Files/Pods-KXShare2/Pods-KXShare2.debug.xcconfig"; sourceTree = "<group>"; };
		2D85EE31CBF49F948C283255 /* libPods-KXShare2.a */ = {isa = PBXFileReference; explicitFileType = archive.ar; includeInIndex = 0; path = "libPods-KXShare2.a"; sourceTree = BUILT_PRODUCTS_DIR; };
		4B700F112E2B94F700D6C15E /* KXShare2.app */ = {isa = PBXFileReference; explicitFileType = wrapper.application; includeInIndex = 0; path = KXShare2.app; sourceTree = BUILT_PRODUCTS_DIR; };
		4B700F2C2E2B94F900D6C15E /* KXShare2Tests.xctest */ = {isa = PBXFileReference; explicitFileType = wrapper.cfbundle; includeInIndex = 0; path = KXShare2Tests.xctest; sourceTree = BUILT_PRODUCTS_DIR; };
		4B700F362E2B94F900D6C15E /* KXShare2UITests.xctest */ = {isa = PBXFileReference; explicitFileType = wrapper.cfbundle; includeInIndex = 0; path = KXShare2UITests.xctest; sourceTree = BUILT_PRODUCTS_DIR; };
/* End PBXFileReference section */

/* Begin PBXFileSystemSynchronizedBuildFileExceptionSet section */
		4B700F3E2E2B94F900D6C15E /* Exceptions for "KXShare2" folder in "KXShare2" target */ = {
			isa = PBXFileSystemSynchronizedBuildFileExceptionSet;
			membershipExceptions = (
				Info.plist,
			);
			target = 4B700F102E2B94F700D6C15E /* KXShare2 */;
		};
/* End PBXFileSystemSynchronizedBuildFileExceptionSet section */

/* Begin PBXFileSystemSynchronizedRootGroup section */
		4B700F132E2B94F700D6C15E /* KXShare2 */ = {
			isa = PBXFileSystemSynchronizedRootGroup;
			exceptions = (
				4B700F3E2E2B94F900D6C15E /* Exceptions for "KXShare2" folder in "KXShare2" target */,
			);
			path = KXShare2;
			sourceTree = "<group>";
		};
		4B700F2F2E2B94F900D6C15E /* KXShare2Tests */ = {
			isa = PBXFileSystemSynchronizedRootGroup;
			path = KXShare2Tests;
			sourceTree = "<group>";
		};
		4B700F392E2B94F900D6C15E /* KXShare2UITests */ = {
			isa = PBXFileSystemSynchronizedRootGroup;
			path = KXShare2UITests;
			sourceTree = "<group>";
		};
/* End PBXFileSystemSynchronizedRootGroup section */

/* Begin PBXFrameworksBuildPhase section */
		4B700F0E2E2B94F700D6C15E /* Frameworks */ = {
			isa = PBXFrameworksBuildPhase;
			buildActionMask = 2147483647;
			files = (
				0338FC617EBEAFC08E31C4F1 /* libPods-KXShare2.a in Frameworks */,
			);
			runOnlyForDeploymentPostprocessing = 0;
		};
		4B700F292E2B94F900D6C15E /* Frameworks */ = {
			isa = PBXFrameworksBuildPhase;
			buildActionMask = 2147483647;
			files = (
			);
			runOnlyForDeploymentPostprocessing = 0;
		};
		4B700F332E2B94F900D6C15E /* Frameworks */ = {
			isa = PBXFrameworksBuildPhase;
			buildActionMask = 2147483647;
			files = (
			);
			runOnlyForDeploymentPostprocessing = 0;
		};
/* End PBXFrameworksBuildPhase section */

/* Begin PBXGroup section */
		0FD0F06D03B529A2F0F2EF12 /* Frameworks */ = {
			isa = PBXGroup;
			children = (
				2D85EE31CBF49F948C283255 /* libPods-KXShare2.a */,
			);
			name = Frameworks;
			sourceTree = "<group>";
		};
		4B700F082E2B94F700D6C15E = {
			isa = PBXGroup;
			children = (
				4B700F132E2B94F700D6C15E /* KXShare2 */,
				4B700F2F2E2B94F900D6C15E /* KXShare2Tests */,
				4B700F392E2B94F900D6C15E /* KXShare2UITests */,
				4B700F122E2B94F700D6C15E /* Products */,
				E2A363B2910A953F79A73BA5 /* Pods */,
				0FD0F06D03B529A2F0F2EF12 /* Frameworks */,
			);
			sourceTree = "<group>";
		};
		4B700F122E2B94F700D6C15E /* Products */ = {
			isa = PBXGroup;
			children = (
				4B700F112E2B94F700D6C15E /* KXShare2.app */,
				4B700F2C2E2B94F900D6C15E /* KXShare2Tests.xctest */,
				4B700F362E2B94F900D6C15E /* KXShare2UITests.xctest */,
			);
			name = Products;
			sourceTree = "<group>";
		};
		E2A363B2910A953F79A73BA5 /* Pods */ = {
			isa = PBXGroup;
			children = (
				1707E1A9BD2A6578C781C3DC /* Pods-KXShare2.debug.xcconfig */,
				0B3ECBB55BF131F73D81E13D /* Pods-KXShare2.release.xcconfig */,
			);
			path = Pods;
			sourceTree = "<group>";
		};
/* End PBXGroup section */

/* Begin PBXNativeTarget section */
		4B700F102E2B94F700D6C15E /* KXShare2 */ = {
			isa = PBXNativeTarget;
			buildConfigurationList = 4B700F3F2E2B94F900D6C15E /* Build configuration list for PBXNativeTarget "KXShare2" */;
			buildPhases = (
				5E4BF318C3198840CCA48CEC /* [CP] Check Pods Manifest.lock */,
				4B700F0D2E2B94F700D6C15E /* Sources */,
				4B700F0E2E2B94F700D6C15E /* Frameworks */,
				4B700F0F2E2B94F700D6C15E /* Resources */,
			);
			buildRules = (
			);
			dependencies = (
			);
			fileSystemSynchronizedGroups = (
				4B700F132E2B94F700D6C15E /* KXShare2 */,
			);
			name = KXShare2;
			productName = KXShare2;
			productReference = 4B700F112E2B94F700D6C15E /* KXShare2.app */;
			productType = "com.apple.product-type.application";
		};
		4B700F2B2E2B94F900D6C15E /* KXShare2Tests */ = {
			isa = PBXNativeTarget;
			buildConfigurationList = 4B700F442E2B94F900D6C15E /* Build configuration list for PBXNativeTarget "KXShare2Tests" */;
			buildPhases = (
				4B700F282E2B94F900D6C15E /* Sources */,
				4B700F292E2B94F900D6C15E /* Frameworks */,
				4B700F2A2E2B94F900D6C15E /* Resources */,
			);
			buildRules = (
			);
			dependencies = (
				4B700F2E2E2B94F900D6C15E /* PBXTargetDependency */,
			);
			fileSystemSynchronizedGroups = (
				4B700F2F2E2B94F900D6C15E /* KXShare2Tests */,
			);
			name = KXShare2Tests;
			productName = KXShare2Tests;
			productReference = 4B700F2C2E2B94F900D6C15E /* KXShare2Tests.xctest */;
			productType = "com.apple.product-type.bundle.unit-test";
		};
		4B700F352E2B94F900D6C15E /* KXShare2UITests */ = {
			isa = PBXNativeTarget;
			buildConfigurationList = 4B700F472E2B94F900D6C15E /* Build configuration list for PBXNativeTarget "KXShare2UITests" */;
			buildPhases = (
				4B700F322E2B94F900D6C15E /* Sources */,
				4B700F332E2B94F900D6C15E /* Frameworks */,
				4B700F342E2B94F900D6C15E /* Resources */,
			);
			buildRules = (
			);
			dependencies = (
				4B700F382E2B94F900D6C15E /* PBXTargetDependency */,
			);
			fileSystemSynchronizedGroups = (
				4B700F392E2B94F900D6C15E /* KXShare2UITests */,
			);
			name = KXShare2UITests;
			productName = KXShare2UITests;
			productReference = 4B700F362E2B94F900D6C15E /* KXShare2UITests.xctest */;
			productType = "com.apple.product-type.bundle.ui-testing";
		};
/* End PBXNativeTarget section */

/* Begin PBXProject section */
		4B700F092E2B94F700D6C15E /* Project object */ = {
			isa = PBXProject;
			attributes = {
				BuildIndependentTargetsInParallel = 1;
				LastUpgradeCheck = 1630;
				TargetAttributes = {
					4B700F102E2B94F700D6C15E = {
						CreatedOnToolsVersion = 16.3;
					};
					4B700F2B2E2B94F900D6C15E = {
						CreatedOnToolsVersion = 16.3;
						TestTargetID = 4B700F102E2B94F700D6C15E;
					};
					4B700F352E2B94F900D6C15E = {
						CreatedOnToolsVersion = 16.3;
						TestTargetID = 4B700F102E2B94F700D6C15E;
					};
				};
			};
			buildConfigurationList = 4B700F0C2E2B94F700D6C15E /* Build configuration list for PBXProject "KXShare2" */;
			developmentRegion = en;
			hasScannedForEncodings = 0;
			knownRegions = (
				en,
				Base,
			);
			mainGroup = 4B700F082E2B94F700D6C15E;
			minimizedProjectReferenceProxies = 1;
			preferredProjectObjectVersion = 77;
			productRefGroup = 4B700F122E2B94F700D6C15E /* Products */;
			projectDirPath = "";
			projectRoot = "";
			targets = (
				4B700F102E2B94F700D6C15E /* KXShare2 */,
				4B700F2B2E2B94F900D6C15E /* KXShare2Tests */,
				4B700F352E2B94F900D6C15E /* KXShare2UITests */,
			);
		};
/* End PBXProject section */

/* Begin PBXResourcesBuildPhase section */
		4B700F0F2E2B94F700D6C15E /* Resources */ = {
			isa = PBXResourcesBuildPhase;
			buildActionMask = 2147483647;
			files = (
			);
			runOnlyForDeploymentPostprocessing = 0;
		};
		4B700F2A2E2B94F900D6C15E /* Resources */ = {
			isa = PBXResourcesBuildPhase;
			buildActionMask = 2147483647;
			files = (
			);
			runOnlyForDeploymentPostprocessing = 0;
		};
		4B700F342E2B94F900D6C15E /* Resources */ = {
			isa = PBXResourcesBuildPhase;
			buildActionMask = 2147483647;
			files = (
			);
			runOnlyForDeploymentPostprocessing = 0;
		};
/* End PBXResourcesBuildPhase section */

/* Begin PBXShellScriptBuildPhase section */
		5E4BF318C3198840CCA48CEC /* [CP] Check Pods Manifest.lock */ = {
			isa = PBXShellScriptBuildPhase;
			buildActionMask = 2147483647;
			files = (
			);
			inputFileListPaths = (
			);
			inputPaths = (
				"${PODS_PODFILE_DIR_PATH}/Podfile.lock",
				"${PODS_ROOT}/Manifest.lock",
			);
			name = "[CP] Check Pods Manifest.lock";
			outputFileListPaths = (
			);
			outputPaths = (
				"$(DERIVED_FILE_DIR)/Pods-KXShare2-checkManifestLockResult.txt",
			);
			runOnlyForDeploymentPostprocessing = 0;
			shellPath = /bin/sh;
			shellScript = "diff \"${PODS_PODFILE_DIR_PATH}/Podfile.lock\" \"${PODS_ROOT}/Manifest.lock\" > /dev/null\nif [ $? != 0 ] ; then\n    # print error to STDERR\n    echo \"error: The sandbox is not in sync with the Podfile.lock. Run 'pod install' or update your CocoaPods installation.\" >&2\n    exit 1\nfi\n# This output is used by Xcode 'outputs' to avoid re-running this script phase.\necho \"SUCCESS\" > \"${SCRIPT_OUTPUT_FILE_0}\"\n";
			showEnvVarsInLog = 0;
		};
/* End PBXShellScriptBuildPhase section */

/* Begin PBXSourcesBuildPhase section */
		4B700F0D2E2B94F700D6C15E /* Sources */ = {
			isa = PBXSourcesBuildPhase;
			buildActionMask = 2147483647;
			files = (
			);
			runOnlyForDeploymentPostprocessing = 0;
		};
		4B700F282E2B94F900D6C15E /* Sources */ = {
			isa = PBXSourcesBuildPhase;
			buildActionMask = 2147483647;
			files = (
			);
			runOnlyForDeploymentPostprocessing = 0;
		};
		4B700F322E2B94F900D6C15E /* Sources */ = {
			isa = PBXSourcesBuildPhase;
			buildActionMask = 2147483647;
			files = (
			);
			runOnlyForDeploymentPostprocessing = 0;
		};
/* End PBXSourcesBuildPhase section */

/* Begin PBXTargetDependency section */
		4B700F2E2E2B94F900D6C15E /* PBXTargetDependency */ = {
			isa = PBXTargetDependency;
			target = 4B700F102E2B94F700D6C15E /* KXShare2 */;
			targetProxy = 4B700F2D2E2B94F900D6C15E /* PBXContainerItemProxy */;
		};
		4B700F382E2B94F900D6C15E /* PBXTargetDependency */ = {
			isa = PBXTargetDependency;
			target = 4B700F102E2B94F700D6C15E /* KXShare2 */;
			targetProxy = 4B700F372E2B94F900D6C15E /* PBXContainerItemProxy */;
		};
/* End PBXTargetDependency section */

/* Begin XCBuildConfiguration section */
		4B700F402E2B94F900D6C15E /* Debug */ = {
			isa = XCBuildConfiguration;
			baseConfigurationReference = 1707E1A9BD2A6578C781C3DC /* Pods-KXShare2.debug.xcconfig */;
			buildSettings = {
				ASSETCATALOG_COMPILER_APPICON_NAME = AppIcon;
				ASSETCATALOG_COMPILER_GLOBAL_ACCENT_COLOR_NAME = AccentColor;
				CODE_SIGN_STYLE = Automatic;
				CURRENT_PROJECT_VERSION = 1;
				GENERATE_INFOPLIST_FILE = YES;
				INFOPLIST_FILE = KXShare2/Info.plist;
				INFOPLIST_KEY_UIApplicationSupportsIndirectInputEvents = YES;
				INFOPLIST_KEY_UILaunchStoryboardName = LaunchScreen;
				INFOPLIST_KEY_UIMainStoryboardFile = Main;
				INFOPLIST_KEY_UISupportedInterfaceOrientations_iPad = "UIInterfaceOrientationPortrait UIInterfaceOrientationPortraitUpsideDown UIInterfaceOrientationLandscapeLeft UIInterfaceOrientationLandscapeRight";
				INFOPLIST_KEY_UISupportedInterfaceOrientations_iPhone = "UIInterfaceOrientationPortrait UIInterfaceOrientationLandscapeLeft UIInterfaceOrientationLandscapeRight";
				LD_RUNPATH_SEARCH_PATHS = (
					"$(inherited)",
					"@executable_path/Frameworks",
				);
				MARKETING_VERSION = 1.0;
				PRODUCT_BUNDLE_IDENTIFIER = text1.KXShare2;
				PRODUCT_NAME = "$(TARGET_NAME)";
				SWIFT_EMIT_LOC_STRINGS = YES;
				TARGETED_DEVICE_FAMILY = "1,2";
			};
			name = Debug;
		};
		4B700F412E2B94F900D6C15E /* Release */ = {
			isa = XCBuildConfiguration;
			baseConfigurationReference = 0B3ECBB55BF131F73D81E13D /* Pods-KXShare2.release.xcconfig */;
			buildSettings = {
				ASSETCATALOG_COMPILER_APPICON_NAME = AppIcon;
				ASSETCATALOG_COMPILER_GLOBAL_ACCENT_COLOR_NAME = AccentColor;
				CODE_SIGN_STYLE = Automatic;
				CURRENT_PROJECT_VERSION = 1;
				GENERATE_INFOPLIST_FILE = YES;
				INFOPLIST_FILE = KXShare2/Info.plist;
				INFOPLIST_KEY_UIApplicationSupportsIndirectInputEvents = YES;
				INFOPLIST_KEY_UILaunchStoryboardName = LaunchScreen;
				INFOPLIST_KEY_UIMainStoryboardFile = Main;
				INFOPLIST_KEY_UISupportedInterfaceOrientations_iPad = "UIInterfaceOrientationPortrait UIInterfaceOrientationPortraitUpsideDown UIInterfaceOrientationLandscapeLeft UIInterfaceOrientationLandscapeRight";
				INFOPLIST_KEY_UISupportedInterfaceOrientations_iPhone = "UIInterfaceOrientationPortrait UIInterfaceOrientationLandscapeLeft UIInterfaceOrientationLandscapeRight";
				LD_RUNPATH_SEARCH_PATHS = (
					"$(inherited)",
					"@executable_path/Frameworks",
				);
				MARKETING_VERSION = 1.0;
				PRODUCT_BUNDLE_IDENTIFIER = text1.KXShare2;
				PRODUCT_NAME = "$(TARGET_NAME)";
				SWIFT_EMIT_LOC_STRINGS = YES;
				TARGETED_DEVICE_FAMILY = "1,2";
			};
			name = Release;
		};
		4B700F422E2B94F900D6C15E /* Debug */ = {
			isa = XCBuildConfiguration;
			buildSettings = {
				ALWAYS_SEARCH_USER_PATHS = NO;
				ASSETCATALOG_COMPILER_GENERATE_SWIFT_ASSET_SYMBOL_EXTENSIONS = YES;
				CLANG_ANALYZER_NONNULL = YES;
				CLANG_ANALYZER_NUMBER_OBJECT_CONVERSION = YES_AGGRESSIVE;
				CLANG_CXX_LANGUAGE_STANDARD = "gnu++20";
				CLANG_ENABLE_MODULES = YES;
				CLANG_ENABLE_OBJC_ARC = YES;
				CLANG_ENABLE_OBJC_WEAK = YES;
				CLANG_WARN_BLOCK_CAPTURE_AUTORELEASING = YES;
				CLANG_WARN_BOOL_CONVERSION = YES;
				CLANG_WARN_COMMA = YES;
				CLANG_WARN_CONSTANT_CONVERSION = YES;
				CLANG_WARN_DEPRECATED_OBJC_IMPLEMENTATIONS = YES;
				CLANG_WARN_DIRECT_OBJC_ISA_USAGE = YES_ERROR;
				CLANG_WARN_DOCUMENTATION_COMMENTS = YES;
				CLANG_WARN_EMPTY_BODY = YES;
				CLANG_WARN_ENUM_CONVERSION = YES;
				CLANG_WARN_INFINITE_RECURSION = YES;
				CLANG_WARN_INT_CONVERSION = YES;
				CLANG_WARN_NON_LITERAL_NULL_CONVERSION = YES;
				CLANG_WARN_OBJC_IMPLICIT_RETAIN_SELF = YES;
				CLANG_WARN_OBJC_LITERAL_CONVERSION = YES;
				CLANG_WARN_OBJC_ROOT_CLASS = YES_ERROR;
				CLANG_WARN_QUOTED_INCLUDE_IN_FRAMEWORK_HEADER = YES;
				CLANG_WARN_RANGE_LOOP_ANALYSIS = YES;
				CLANG_WARN_STRICT_PROTOTYPES = YES;
				CLANG_WARN_SUSPICIOUS_MOVE = YES;
				CLANG_WARN_UNGUARDED_AVAILABILITY = YES_AGGRESSIVE;
				CLANG_WARN_UNREACHABLE_CODE = YES;
				CLANG_WARN__DUPLICATE_METHOD_MATCH = YES;
				COPY_PHASE_STRIP = NO;
				DEBUG_INFORMATION_FORMAT = dwarf;
				ENABLE_STRICT_OBJC_MSGSEND = YES;
				ENABLE_TESTABILITY = YES;
				ENABLE_USER_SCRIPT_SANDBOXING = YES;
				GCC_C_LANGUAGE_STANDARD = gnu17;
				GCC_DYNAMIC_NO_PIC = NO;
				GCC_NO_COMMON_BLOCKS = YES;
				GCC_OPTIMIZATION_LEVEL = 0;
				GCC_PREPROCESSOR_DEFINITIONS = (
					"DEBUG=1",
					"$(inherited)",
				);
				GCC_WARN_64_TO_32_BIT_CONVERSION = YES;
				GCC_WARN_ABOUT_RETURN_TYPE = YES_ERROR;
				GCC_WARN_UNDECLARED_SELECTOR = YES;
				GCC_WARN_UNINITIALIZED_AUTOS = YES_AGGRESSIVE;
				GCC_WARN_UNUSED_FUNCTION = YES;
				GCC_WARN_UNUSED_VARIABLE = YES;
				IPHONEOS_DEPLOYMENT_TARGET = 18.4;
				LOCALIZATION_PREFERS_STRING_CATALOGS = YES;
				MTL_ENABLE_DEBUG_INFO = INCLUDE_SOURCE;
				MTL_FAST_MATH = YES;
				ONLY_ACTIVE_ARCH = YES;
				SDKROOT = iphoneos;
			};
			name = Debug;
		};
		4B700F432E2B94F900D6C15E /* Release */ = {
			isa = XCBuildConfiguration;
			buildSettings = {
				ALWAYS_SEARCH_USER_PATHS = NO;
				ASSETCATALOG_COMPILER_GENERATE_SWIFT_ASSET_SYMBOL_EXTENSIONS = YES;
				CLANG_ANALYZER_NONNULL = YES;
				CLANG_ANALYZER_NUMBER_OBJECT_CONVERSION = YES_AGGRESSIVE;
				CLANG_CXX_LANGUAGE_STANDARD = "gnu++20";
				CLANG_ENABLE_MODULES = YES;
				CLANG_ENABLE_OBJC_ARC = YES;
				CLANG_ENABLE_OBJC_WEAK = YES;
				CLANG_WARN_BLOCK_CAPTURE_AUTORELEASING = YES;
				CLANG_WARN_BOOL_CONVERSION = YES;
				CLANG_WARN_COMMA = YES;
				CLANG_WARN_CONSTANT_CONVERSION = YES;
				CLANG_WARN_DEPRECATED_OBJC_IMPLEMENTATIONS = YES;
				CLANG_WARN_DIRECT_OBJC_ISA_USAGE = YES_ERROR;
				CLANG_WARN_DOCUMENTATION_COMMENTS = YES;
				CLANG_WARN_EMPTY_BODY = YES;
				CLANG_WARN_ENUM_CONVERSION = YES;
				CLANG_WARN_INFINITE_RECURSION = YES;
				CLANG_WARN_INT_CONVERSION = YES;
				CLANG_WARN_NON_LITERAL_NULL_CONVERSION = YES;
				CLANG_WARN_OBJC_IMPLICIT_RETAIN_SELF = YES;
				CLANG_WARN_OBJC_LITERAL_CONVERSION = YES;
				CLANG_WARN_OBJC_ROOT_CLASS = YES_ERROR;
				CLANG_WARN_QUOTED_INCLUDE_IN_FRAMEWORK_HEADER = YES;
				CLANG_WARN_RANGE_LOOP_ANALYSIS = YES;
				CLANG_WARN_STRICT_PROTOTYPES = YES;
				CLANG_WARN_SUSPICIOUS_MOVE = YES;
				CLANG_WARN_UNGUARDED_AVAILABILITY = YES_AGGRESSIVE;
				CLANG_WARN_UNREACHABLE_CODE = YES;
				CLANG_WARN__DUPLICATE_METHOD_MATCH = YES;
				COPY_PHASE_STRIP = NO;
				DEBUG_INFORMATION_FORMAT = "dwarf-with-dsym";
				ENABLE_NS_ASSERTIONS = NO;
				ENABLE_STRICT_OBJC_MSGSEND = YES;
				ENABLE_USER_SCRIPT_SANDBOXING = YES;
				GCC_C_LANGUAGE_STANDARD = gnu17;
				GCC_NO_COMMON_BLOCKS = YES;
				GCC_WARN_64_TO_32_BIT_CONVERSION = YES;
				GCC_WARN_ABOUT_RETURN_TYPE = YES_ERROR;
				GCC_WARN_UNDECLARED_SELECTOR = YES;
				GCC_WARN_UNINITIALIZED_AUTOS = YES_AGGRESSIVE;
				GCC_WARN_UNUSED_FUNCTION = YES;
				GCC_WARN_UNUSED_VARIABLE = YES;
				IPHONEOS_DEPLOYMENT_TARGET = 18.4;
				LOCALIZATION_PREFERS_STRING_CATALOGS = YES;
				MTL_ENABLE_DEBUG_INFO = NO;
				MTL_FAST_MATH = YES;
				SDKROOT = iphoneos;
				VALIDATE_PRODUCT = YES;
			};
			name = Release;
		};
		4B700F452E2B94F900D6C15E /* Debug */ = {
			isa = XCBuildConfiguration;
			buildSettings = {
				BUNDLE_LOADER = "$(TEST_HOST)";
				CODE_SIGN_STYLE = Automatic;
				CURRENT_PROJECT_VERSION = 1;
				GENERATE_INFOPLIST_FILE = YES;
				IPHONEOS_DEPLOYMENT_TARGET = 18.4;
				MARKETING_VERSION = 1.0;
				PRODUCT_BUNDLE_IDENTIFIER = text1.KXShare2Tests;
				PRODUCT_NAME = "$(TARGET_NAME)";
				SWIFT_EMIT_LOC_STRINGS = NO;
				TARGETED_DEVICE_FAMILY = "1,2";
				TEST_HOST = "$(BUILT_PRODUCTS_DIR)/KXShare2.app/$(BUNDLE_EXECUTABLE_FOLDER_PATH)/KXShare2";
			};
			name = Debug;
		};
		4B700F462E2B94F900D6C15E /* Release */ = {
			isa = XCBuildConfiguration;
			buildSettings = {
				BUNDLE_LOADER = "$(TEST_HOST)";
				CODE_SIGN_STYLE = Automatic;
				CURRENT_PROJECT_VERSION = 1;
				GENERATE_INFOPLIST_FILE = YES;
				IPHONEOS_DEPLOYMENT_TARGET = 18.4;
				MARKETING_VERSION = 1.0;
				PRODUCT_BUNDLE_IDENTIFIER = text1.KXShare2Tests;
				PRODUCT_NAME = "$(TARGET_NAME)";
				SWIFT_EMIT_LOC_STRINGS = NO;
				TARGETED_DEVICE_FAMILY = "1,2";
				TEST_HOST = "$(BUILT_PRODUCTS_DIR)/KXShare2.app/$(BUNDLE_EXECUTABLE_FOLDER_PATH)/KXShare2";
			};
			name = Release;
		};
		4B700F482E2B94F900D6C15E /* Debug */ = {
			isa = XCBuildConfiguration;
			buildSettings = {
				CODE_SIGN_STYLE = Automatic;
				CURRENT_PROJECT_VERSION = 1;
				GENERATE_INFOPLIST_FILE = YES;
				MARKETING_VERSION = 1.0;
				PRODUCT_BUNDLE_IDENTIFIER = text1.KXShare2UITests;
				PRODUCT_NAME = "$(TARGET_NAME)";
				SWIFT_EMIT_LOC_STRINGS = NO;
				TARGETED_DEVICE_FAMILY = "1,2";
				TEST_TARGET_NAME = KXShare2;
			};
			name = Debug;
		};
		4B700F492E2B94F900D6C15E /* Release */ = {
			isa = XCBuildConfiguration;
			buildSettings = {
				CODE_SIGN_STYLE = Automatic;
				CURRENT_PROJECT_VERSION = 1;
				GENERATE_INFOPLIST_FILE = YES;
				MARKETING_VERSION = 1.0;
				PRODUCT_BUNDLE_IDENTIFIER = text1.KXShare2UITests;
				PRODUCT_NAME = "$(TARGET_NAME)";
				SWIFT_EMIT_LOC_STRINGS = NO;
				TARGETED_DEVICE_FAMILY = "1,2";
				TEST_TARGET_NAME = KXShare2;
			};
			name = Release;
		};
/* End XCBuildConfiguration section */

/* Begin XCConfigurationList section */
		4B700F0C2E2B94F700D6C15E /* Build configuration list for PBXProject "KXShare2" */ = {
			isa = XCConfigurationList;
			buildConfigurations = (
				4B700F422E2B94F900D6C15E /* Debug */,
				4B700F432E2B94F900D6C15E /* Release */,
			);
			defaultConfigurationIsVisible = 0;
			defaultConfigurationName = Release;
		};
		4B700F3F2E2B94F900D6C15E /* Build configuration list for PBXNativeTarget "KXShare2" */ = {
			isa = XCConfigurationList;
			buildConfigurations = (
				4B700F402E2B94F900D6C15E /* Debug */,
				4B700F412E2B94F900D6C15E /* Release */,
			);
			defaultConfigurationIsVisible = 0;
			defaultConfigurationName = Release;
		};
		4B700F442E2B94F900D6C15E /* Build configuration list for PBXNativeTarget "KXShare2Tests" */ = {
			isa = XCConfigurationList;
			buildConfigurations = (
				4B700F452E2B94F900D6C15E /* Debug */,
				4B700F462E2B94F900D6C15E /* Release */,
			);
			defaultConfigurationIsVisible = 0;
			defaultConfigurationName = Release;
		};
		4B700F472E2B94F900D6C15E /* Build configuration list for PBXNativeTarget "KXShare2UITests" */ = {
			isa = XCConfigurationList;
			buildConfigurations = (
				4B700F482E2B94F900D6C15E /* Debug */,
				4B700F492E2B94F900D6C15E /* Release */,
			);
			defaultConfigurationIsVisible = 0;
			defaultConfigurationName = Release;
		};
/* End XCConfigurationList section */
	};
	rootObject = 4B700F092E2B94F700D6C15E /* Project object */;
}
